
Microsoft Visual Studio Solution File, Format Version 12.00
# Visual Studio Version 16
VisualStudioVersion = 16.0.30114.105
MinimumVisualStudioVersion = 10.0.40219.1
Project("{FAE04EC0-301F-11D3-BF4B-00C04F79EFBC}") = "MaskString", "MaskString\MaskString.csproj", "{3C7AD5A4-192C-4530-9C12-1397A52D784E}"
EndProject
Project("{FAE04EC0-301F-11D3-BF4B-00C04F79EFBC}") = "MaskString.Tests", "MaskString.Tests\MaskString.Tests.csproj", "{2779F6B7-C481-446D-9B7E-9991563636DE}"
EndProject
Global
	GlobalSection(SolutionConfigurationPlatforms) = preSolution
		Debug|Any CPU = Debug|Any CPU
		Release|Any CPU = Release|Any CPU
	EndGlobalSection
	GlobalSection(SolutionProperties) = preSolution
		HideSolutionNode = FALSE
	EndGlobalSection
	GlobalSection(ProjectConfigurationPlatforms) = postSolution
		{3C7AD5A4-192C-4530-9C12-1397A52D784E}.Debug|Any CPU.ActiveCfg = Debug|Any CPU
		{3C7AD5A4-192C-4530-9C12-1397A52D784E}.Debug|Any CPU.Build.0 = Debug|Any CPU
		{3C7AD5A4-192C-4530-9C12-1397A52D784E}.Release|Any CPU.ActiveCfg = Release|Any CPU
		{3C7AD5A4-192C-4530-9C12-1397A52D784E}.Release|Any CPU.Build.0 = Release|Any CPU
		{2779F6B7-C481-446D-9B7E-9991563636DE}.Debug|Any CPU.ActiveCfg = Debug|Any CPU
		{2779F6B7-C481-446D-9B7E-9991563636DE}.Debug|Any CPU.Build.0 = Debug|Any CPU
		{2779F6B7-C481-446D-9B7E-9991563636DE}.Release|Any CPU.ActiveCfg = Release|Any CPU
		{2779F6B7-C481-446D-9B7E-9991563636DE}.Release|Any CPU.Build.0 = Release|Any CPU
	EndGlobalSection
EndGlobal
